<?xml version="1.0" encoding="utf-8"?>
<Project ToolsVersion="4.0" xmlns="http://schemas.microsoft.com/developer/msbuild/2003">
  <ItemGroup>
    <Filter Include="Source Files">
      <UniqueIdentifier>{4FC737F1-C7A5-4376-A066-2A32D752A2FF}</UniqueIdentifier>
      <Extensions>cpp;c;cc;cxx;c++;cppm;ixx;def;odl;idl;hpj;bat;asm;asmx</Extensions>
    </Filter>
    <Filter Include="Header Files">
      <UniqueIdentifier>{93995380-89BD-4b04-88EB-625FBE52EBFB}</UniqueIdentifier>
      <Extensions>h;hh;hpp;hxx;h++;hm;inl;inc;ipp;xsd</Extensions>
    </Filter>
    <Filter Include="Header Files\Driver">
      <UniqueIdentifier>{e63f8ffb-fe49-49e2-ad22-9f0ea73a3047}</UniqueIdentifier>
    </Filter>
    <Filter Include="Header Files\Overlay">
      <UniqueIdentifier>{838135e3-435d-4d1c-b4ce-62028ec81a38}</UniqueIdentifier>
    </Filter>
    <Filter Include="Imgui">
      <UniqueIdentifier>{e0f7720f-a62e-4c44-9668-47d4a94b9fe1}</UniqueIdentifier>
    </Filter>
    <Filter Include="Header Files\SDK">
      <UniqueIdentifier>{52b71fdb-cbcf-4382-bb9f-a77f2f3d46dd}</UniqueIdentifier>
    </Filter>
  </ItemGroup>
  <ItemGroup>
    <ClCompile Include="main.cpp">
      <Filter>Source Files</Filter>
    </ClCompile>
    <ClCompile Include="..\..\..\..\Desktop\Sources\Fortnite-External-Source-main\Imgui\imgui_widgets.cpp">
      <Filter>Imgui</Filter>
    </ClCompile>
    <ClCompile Include="..\..\..\..\Desktop\Sources\Fortnite-External-Source-main\Imgui\imgui.cpp">
      <Filter>Imgui</Filter>
    </ClCompile>
    <ClCompile Include="..\..\..\..\Desktop\Sources\Fortnite-External-Source-main\Imgui\imgui_demo.cpp">
      <Filter>Imgui</Filter>
    </ClCompile>
    <ClCompile Include="..\..\..\..\Desktop\Sources\Fortnite-External-Source-main\Imgui\imgui_draw.cpp">
      <Filter>Imgui</Filter>
    </ClCompile>
    <ClCompile Include="..\..\..\..\Desktop\Sources\Fortnite-External-Source-main\Imgui\imgui_impl_dx9.cpp">
      <Filter>Imgui</Filter>
    </ClCompile>
    <ClCompile Include="..\..\..\..\Desktop\Sources\Fortnite-External-Source-main\Imgui\imgui_impl_win32.cpp">
      <Filter>Imgui</Filter>
    </ClCompile>
  </ItemGroup>
  <ItemGroup>
    <ClInclude Include="driver.hpp">
      <Filter>Header Files\Driver</Filter>
    </ClInclude>
    <ClInclude Include="helper.hpp">
      <Filter>Header Files\Driver</Filter>
    </ClInclude>
    <ClInclude Include="render.hpp">
      <Filter>Header Files\Overlay</Filter>
    </ClInclude>
    <ClInclude Include="draw.hpp">
      <Filter>Header Files\Overlay</Filter>
    </ClInclude>
    <ClInclude Include="..\..\..\..\Desktop\Sources\Fortnite-External-Source-main\Imgui\imgui_impl_win32.h">
      <Filter>Imgui</Filter>
    </ClInclude>
    <ClInclude Include="..\..\..\..\Desktop\Sources\Fortnite-External-Source-main\Imgui\imgui_internal.h">
      <Filter>Imgui</Filter>
    </ClInclude>
    <ClInclude Include="..\..\..\..\Desktop\Sources\Fortnite-External-Source-main\Imgui\imstb_rectpack.h">
      <Filter>Imgui</Filter>
    </ClInclude>
    <ClInclude Include="..\..\..\..\Desktop\Sources\Fortnite-External-Source-main\Imgui\imstb_textedit.h">
      <Filter>Imgui</Filter>
    </ClInclude>
    <ClInclude Include="..\..\..\..\Desktop\Sources\Fortnite-External-Source-main\Imgui\imstb_truetype.h">
      <Filter>Imgui</Filter>
    </ClInclude>
    <ClInclude Include="..\..\..\..\Desktop\Sources\Fortnite-External-Source-main\Imgui\imconfig.h">
      <Filter>Imgui</Filter>
    </ClInclude>
    <ClInclude Include="..\..\..\..\Desktop\Sources\Fortnite-External-Source-main\Imgui\imgui.h">
      <Filter>Imgui</Filter>
    </ClInclude>
    <ClInclude Include="..\..\..\..\Desktop\Sources\Fortnite-External-Source-main\Imgui\imgui_impl_dx9.h">
      <Filter>Imgui</Filter>
    </ClInclude>
    <ClInclude Include="gloabls.hpp">
      <Filter>Header Files\SDK</Filter>
    </ClInclude>
    <ClInclude Include="c_player.hpp">
      <Filter>Header Files\SDK</Filter>
    </ClInclude>
    <ClInclude Include="sdk.hpp">
      <Filter>Header Files\SDK</Filter>
    </ClInclude>
    <ClInclude Include="vector.hpp">
      <Filter>Header Files\SDK</Filter>
    </ClInclude>
  </ItemGroup>
</Project>